{
  "version": 4,
  "terraform_version": "1.12.2",
  "serial": 13,
  "lineage": "9d7dde1b-48a7-f939-1300-c55413501b3d",
  "outputs": {},
  "resources": [
    {
      "mode": "data",
      "type": "azurerm_client_config",
      "name": "current",
      "provider": "provider[\"registry.terraform.io/hashicorp/azurerm\"]",
      "instances": [
        {
          "schema_version": 0,
          "attributes": {
            "client_id": "04b07795-8ddb-461a-bbee-02f9e1bf7b46",
            "id": "Y2xpZW50Q29uZmlncy9jbGllbnRJZD0wNGIwNzc5NS04ZGRiLTQ2MWEtYmJlZS0wMmY5ZTFiZjdiNDY7b2JqZWN0SWQ9NjNjZWU1MDgtNWNjYy00NTNmLWIyNDgtNGZjYTc4Njk3YWM0O3N1YnNjcmlwdGlvbklkPWFiMTE2M2NkLWQwOGYtNGYxMy05NzIyLWQ2ODI0OTg1ZWQ4MDt0ZW5hbnRJZD1kOGVmNzY4MC0yMmI4LTQ1ZDUtOTU0YS0yN2EyMzNiMzVmMTY=",
            "object_id": "63cee508-5ccc-453f-b248-4fca78697ac4",
            "subscription_id": "ab1163cd-d08f-4f13-9722-d6824985ed80",
            "tenant_id": "d8ef7680-22b8-45d5-954a-27a233b35f16",
            "timeouts": null
          },
          "sensitive_attributes": [],
          "identity_schema_version": 0
        }
      ]
    },
    {
      "mode": "data",
      "type": "azurerm_key_vault",
      "name": "kv",
      "provider": "provider[\"registry.terraform.io/hashicorp/azurerm\"]",
      "instances": [
        {
          "schema_version": 0,
          "attributes": {
            "access_policy": [],
            "enable_rbac_authorization": true,
            "enabled_for_deployment": false,
            "enabled_for_disk_encryption": false,
            "enabled_for_template_deployment": false,
            "id": "/subscriptions/ab1163cd-d08f-4f13-9722-d6824985ed80/resourceGroups/Jayesh-RG/providers/Microsoft.KeyVault/vaults/Jayesh-KV",
            "location": "eastus",
            "name": "Jayesh-KV",
            "network_acls": [
              {
                "bypass": "None",
                "default_action": "Allow",
                "ip_rules": [],
                "virtual_network_subnet_ids": []
              }
            ],
            "public_network_access_enabled": true,
            "purge_protection_enabled": false,
            "resource_group_name": "Jayesh-RG",
            "sku_name": "standard",
            "tags": {},
            "tenant_id": "d8ef7680-22b8-45d5-954a-27a233b35f16",
            "timeouts": null,
            "vault_uri": "https://jayesh-kv.vault.azure.net/"
          },
          "sensitive_attributes": [],
          "identity_schema_version": 0
        }
      ]
    },
    {
      "mode": "data",
      "type": "azurerm_resource_group",
      "name": "rg",
      "provider": "provider[\"registry.terraform.io/hashicorp/azurerm\"]",
      "instances": [
        {
          "schema_version": 0,
          "attributes": {
            "id": "/subscriptions/ab1163cd-d08f-4f13-9722-d6824985ed80/resourceGroups/Jayesh-RG",
            "location": "eastus",
            "managed_by": "",
            "name": "Jayesh-RG",
            "tags": {},
            "timeouts": null
          },
          "sensitive_attributes": [],
          "identity_schema_version": 0
        }
      ]
    },
    {
      "module": "module.kv_secrets",
      "mode": "managed",
      "type": "azurerm_key_vault_secret",
      "name": "secrets",
      "provider": "provider[\"registry.terraform.io/hashicorp/azurerm\"]",
      "instances": [
        {
          "index_key": "TestSecretforPOC-1",
          "schema_version": 0,
          "attributes": {
            "content_type": "",
            "expiration_date": null,
            "id": "https://jayesh-kv.vault.azure.net/secrets/TestSecretforPOC-1/ac4601c07e3f4449ad096d58975576e9",
            "key_vault_id": "/subscriptions/ab1163cd-d08f-4f13-9722-d6824985ed80/resourceGroups/Jayesh-RG/providers/Microsoft.KeyVault/vaults/Jayesh-KV",
            "name": "TestSecretforPOC-1",
            "not_before_date": null,
            "resource_id": "/subscriptions/ab1163cd-d08f-4f13-9722-d6824985ed80/resourceGroups/Jayesh-RG/providers/Microsoft.KeyVault/vaults/Jayesh-KV/secrets/TestSecretforPOC-1/versions/ac4601c07e3f4449ad096d58975576e9",
            "resource_versionless_id": "/subscriptions/ab1163cd-d08f-4f13-9722-d6824985ed80/resourceGroups/Jayesh-RG/providers/Microsoft.KeyVault/vaults/Jayesh-KV/secrets/TestSecretforPOC-1",
            "tags": null,
            "timeouts": null,
            "value": "Server=TestDB;Database=mydb;User Id=admin;Password=Pass@123",
            "value_wo": null,
            "value_wo_version": 0,
            "version": "ac4601c07e3f4449ad096d58975576e9",
            "versionless_id": "https://jayesh-kv.vault.azure.net/secrets/TestSecretforPOC-1"
          },
          "sensitive_attributes": [
            [
              {
                "type": "get_attr",
                "value": "value"
              }
            ]
          ],
          "identity_schema_version": 0,
          "private": "eyJlMmJmYjczMC1lY2FhLTExZTYtOGY4OC0zNDM2M2JjN2M0YzAiOnsiY3JlYXRlIjoxODAwMDAwMDAwMDAwLCJkZWxldGUiOjE4MDAwMDAwMDAwMDAsInJlYWQiOjE4MDAwMDAwMDAwMDAsInVwZGF0ZSI6MTgwMDAwMDAwMDAwMH19",
          "dependencies": [
            "data.azurerm_key_vault.kv",
            "data.azurerm_resource_group.rg"
          ]
        },
        {
          "index_key": "TestSecretforPOC-2",
          "schema_version": 0,
          "attributes": {
            "content_type": "",
            "expiration_date": null,
            "id": "https://jayesh-kv.vault.azure.net/secrets/TestSecretforPOC-2/6b6c1fc2f8b349f5bc56131ab490fccc",
            "key_vault_id": "/subscriptions/ab1163cd-d08f-4f13-9722-d6824985ed80/resourceGroups/Jayesh-RG/providers/Microsoft.KeyVault/vaults/Jayesh-KV",
            "name": "TestSecretforPOC-2",
            "not_before_date": null,
            "resource_id": "/subscriptions/ab1163cd-d08f-4f13-9722-d6824985ed80/resourceGroups/Jayesh-RG/providers/Microsoft.KeyVault/vaults/Jayesh-KV/secrets/TestSecretforPOC-2/versions/6b6c1fc2f8b349f5bc56131ab490fccc",
            "resource_versionless_id": "/subscriptions/ab1163cd-d08f-4f13-9722-d6824985ed80/resourceGroups/Jayesh-RG/providers/Microsoft.KeyVault/vaults/Jayesh-KV/secrets/TestSecretforPOC-2",
            "tags": null,
            "timeouts": null,
            "value": "SuperSecure@987",
            "value_wo": null,
            "value_wo_version": 0,
            "version": "6b6c1fc2f8b349f5bc56131ab490fccc",
            "versionless_id": "https://jayesh-kv.vault.azure.net/secrets/TestSecretforPOC-2"
          },
          "sensitive_attributes": [
            [
              {
                "type": "get_attr",
                "value": "value"
              }
            ]
          ],
          "identity_schema_version": 0,
          "private": "eyJlMmJmYjczMC1lY2FhLTExZTYtOGY4OC0zNDM2M2JjN2M0YzAiOnsiY3JlYXRlIjoxODAwMDAwMDAwMDAwLCJkZWxldGUiOjE4MDAwMDAwMDAwMDAsInJlYWQiOjE4MDAwMDAwMDAwMDAsInVwZGF0ZSI6MTgwMDAwMDAwMDAwMH19",
          "dependencies": [
            "data.azurerm_key_vault.kv",
            "data.azurerm_resource_group.rg"
          ]
        }
      ]
    }
  ],
  "check_results": null
}
